
Microsoft Visual Studio Solution File, Format Version 12.00
# Visual Studio Version 16
VisualStudioVersion = 16.0.29920.165
MinimumVisualStudioVersion = 10.0.40219.1
Project("{FAE04EC0-301F-11D3-BF4B-00C04F79EFBC}") = "WPFEffects", "WPFEffects.csproj", "{4582849E-0F2A-4561-947D-31F0D89A8D08}"
EndProject
Global
	GlobalSection(SolutionConfigurationPlatforms) = preSolution
		Debug|Any CPU = Debug|Any CPU
		Release|Any CPU = Release|Any CPU
	EndGlobalSection
	GlobalSection(ProjectConfigurationPlatforms) = postSolution
		{4582849E-0F2A-4561-947D-31F0D89A8D08}.Debug|Any CPU.ActiveCfg = Debug|Any CPU
		{4582849E-0F2A-4561-947D-31F0D89A8D08}.Debug|Any CPU.Build.0 = Debug|Any CPU
		{4582849E-0F2A-4561-947D-31F0D89A8D08}.Release|Any CPU.ActiveCfg = Release|Any CPU
		{4582849E-0F2A-4561-947D-31F0D89A8D08}.Release|Any CPU.Build.0 = Release|Any CPU
	EndGlobalSection
	GlobalSection(SolutionProperties) = preSolution
		HideSolutionNode = FALSE
	EndGlobalSection
	GlobalSection(ExtensibilityGlobals) = postSolution
		SolutionGuid = {F36298ED-3D08-494D-9C1B-19F015BDAFE2}
	EndGlobalSection
EndGlobal
